<?xml version="1.0" encoding="utf-8"?>
<Project ToolsVersion="4.0" xmlns="http://schemas.microsoft.com/developer/msbuild/2003">
  <ItemGroup>
    <Filter Include="Source Files">
      <UniqueIdentifier>{4FC737F1-C7A5-4376-A066-2A32D752A2FF}</UniqueIdentifier>
      <Extensions>cpp;c;cc;cxx;c++;cppm;ixx;def;odl;idl;hpj;bat;asm;asmx</Extensions>
    </Filter>
    <Filter Include="Resource Files">
      <UniqueIdentifier>{67DA6AB6-F800-4c08-8B7A-83BB121AAD01}</UniqueIdentifier>
      <Extensions>rc;ico;cur;bmp;dlg;rc2;rct;bin;rgs;gif;jpg;jpeg;jpe;resx;tiff;tif;png;wav;mfcribbon-ms</Extensions>
    </Filter>
    <Filter Include="Header Files">
      <UniqueIdentifier>{0a1ad0be-7ff1-4bc7-9db4-33053c6b428c}</UniqueIdentifier>
    </Filter>
    <Filter Include="Header Files\Lib">
      <UniqueIdentifier>{e610519e-3aa4-4834-8f88-a617ecf2c697}</UniqueIdentifier>
    </Filter>
    <Filter Include="Header Files\Screens">
      <UniqueIdentifier>{796d6750-a72d-4bdf-96e2-5ba207bf34cd}</UniqueIdentifier>
    </Filter>
    <Filter Include="Header Files\Screens\Client">
      <UniqueIdentifier>{a47228e7-1839-44d2-8e7c-90c919991d7c}</UniqueIdentifier>
    </Filter>
    <Filter Include="Header Files\Screens\User">
      <UniqueIdentifier>{b79a47bb-cab6-4082-98f3-0d12537a726f}</UniqueIdentifier>
    </Filter>
    <Filter Include="Header Files\Screens\Transaction">
      <UniqueIdentifier>{6f3b4274-cecf-4928-ada4-dca7ab2f60c8}</UniqueIdentifier>
    </Filter>
    <Filter Include="Header Files\Screens\CurrencyExchange">
      <UniqueIdentifier>{3f949ee3-6bed-4635-9b7b-5013733ef7d6}</UniqueIdentifier>
    </Filter>
    <Filter Include="Header Files\Screens\Login">
      <UniqueIdentifier>{d06457dd-a36d-465a-b06a-b5e39727be60}</UniqueIdentifier>
    </Filter>
    <Filter Include="Header Files\Core">
      <UniqueIdentifier>{3f7cbad3-32f1-4e6b-8c50-a392e0ba6930}</UniqueIdentifier>
    </Filter>
  </ItemGroup>
  <ItemGroup>
    <ClCompile Include="BankProjectV1.3.cpp">
      <Filter>Source Files</Filter>
    </ClCompile>
  </ItemGroup>
  <ItemGroup>
    <ClInclude Include="Header Files\clsMainScreen.h">
      <Filter>Header Files</Filter>
    </ClInclude>
    <ClInclude Include="Header Files\clsScreen.h">
      <Filter>Header Files</Filter>
    </ClInclude>
    <ClInclude Include="Header Files\Global.h">
      <Filter>Header Files</Filter>
    </ClInclude>
    <ClInclude Include="Header Files\InterfaceCommunication.h">
      <Filter>Header Files</Filter>
    </ClInclude>
    <ClInclude Include="Header Files\Lib\clsDate.h">
      <Filter>Header Files\Lib</Filter>
    </ClInclude>
    <ClInclude Include="Header Files\Lib\clsInputValidate.h">
      <Filter>Header Files\Lib</Filter>
    </ClInclude>
    <ClInclude Include="Header Files\Lib\clsString.h">
      <Filter>Header Files\Lib</Filter>
    </ClInclude>
    <ClInclude Include="Header Files\Lib\clsUtil.h">
      <Filter>Header Files\Lib</Filter>
    </ClInclude>
    <ClInclude Include="Header Files\Screens\Client\clsAddNewClientScreen.h">
      <Filter>Header Files\Screens\Client</Filter>
    </ClInclude>
    <ClInclude Include="Header Files\Screens\Client\clsClientListScreen.h">
      <Filter>Header Files\Screens\Client</Filter>
    </ClInclude>
    <ClInclude Include="Header Files\Screens\Client\clsDeleteClientScreen.h">
      <Filter>Header Files\Screens\Client</Filter>
    </ClInclude>
    <ClInclude Include="Header Files\Screens\Client\clsFindClientScreen.h">
      <Filter>Header Files\Screens\Client</Filter>
    </ClInclude>
    <ClInclude Include="Header Files\Screens\Client\clsUpdateClientScreen.h">
      <Filter>Header Files\Screens\Client</Filter>
    </ClInclude>
    <ClInclude Include="Header Files\Screens\CurrencyExchange\clsCurrenciesListScreen.h">
      <Filter>Header Files\Screens\CurrencyExchange</Filter>
    </ClInclude>
    <ClInclude Include="Header Files\Screens\CurrencyExchange\clsCurrencyCalculatorScreen.h">
      <Filter>Header Files\Screens\CurrencyExchange</Filter>
    </ClInclude>
    <ClInclude Include="Header Files\Screens\CurrencyExchange\clsCurrencyExchangeScreen.h">
      <Filter>Header Files\Screens\CurrencyExchange</Filter>
    </ClInclude>
    <ClInclude Include="Header Files\Screens\CurrencyExchange\clsFindCurrencyScreen.h">
      <Filter>Header Files\Screens\CurrencyExchange</Filter>
    </ClInclude>
    <ClInclude Include="Header Files\Screens\CurrencyExchange\clsUpdateRateScreen.h">
      <Filter>Header Files\Screens\CurrencyExchange</Filter>
    </ClInclude>
    <ClInclude Include="Header Files\Screens\Login\clsLoginRegisterScreen.h">
      <Filter>Header Files\Screens\Login</Filter>
    </ClInclude>
    <ClInclude Include="Header Files\Screens\Login\clsLoginScreen.h">
      <Filter>Header Files\Screens\Login</Filter>
    </ClInclude>
    <ClInclude Include="Header Files\Screens\Transaction\clsDepositScreen.h">
      <Filter>Header Files\Screens\Transaction</Filter>
    </ClInclude>
    <ClInclude Include="Header Files\Screens\Transaction\clsTotalBalancesScreen.h">
      <Filter>Header Files\Screens\Transaction</Filter>
    </ClInclude>
    <ClInclude Include="Header Files\Screens\Transaction\clsTransactionsScreen.h">
      <Filter>Header Files\Screens\Transaction</Filter>
    </ClInclude>
    <ClInclude Include="Header Files\Screens\Transaction\clsTransferLogScreen.h">
      <Filter>Header Files\Screens\Transaction</Filter>
    </ClInclude>
    <ClInclude Include="Header Files\Screens\Transaction\clsTransferScreen.h">
      <Filter>Header Files\Screens\Transaction</Filter>
    </ClInclude>
    <ClInclude Include="Header Files\Screens\Transaction\clsWithdrawScreen.h">
      <Filter>Header Files\Screens\Transaction</Filter>
    </ClInclude>
    <ClInclude Include="Header Files\Screens\User\clsAddNewUserScreen.h">
      <Filter>Header Files\Screens\User</Filter>
    </ClInclude>
    <ClInclude Include="Header Files\Screens\User\clsDeleteUserScreen.h">
      <Filter>Header Files\Screens\User</Filter>
    </ClInclude>
    <ClInclude Include="Header Files\Screens\User\clsFindUserScreen.h">
      <Filter>Header Files\Screens\User</Filter>
    </ClInclude>
    <ClInclude Include="Header Files\Screens\User\clsManageUsersScreen.h">
      <Filter>Header Files\Screens\User</Filter>
    </ClInclude>
    <ClInclude Include="Header Files\Screens\User\clsUpdateUserScreen.h">
      <Filter>Header Files\Screens\User</Filter>
    </ClInclude>
    <ClInclude Include="Header Files\Screens\User\clsUsersListScreen.h">
      <Filter>Header Files\Screens\User</Filter>
    </ClInclude>
    <ClInclude Include="Header Files\Core\clsBankClient.h">
      <Filter>Header Files\Core</Filter>
    </ClInclude>
    <ClInclude Include="Header Files\Core\clsCurrency.h">
      <Filter>Header Files\Core</Filter>
    </ClInclude>
    <ClInclude Include="Header Files\Core\clsPerson.h">
      <Filter>Header Files\Core</Filter>
    </ClInclude>
    <ClInclude Include="Header Files\Core\clsUser.h">
      <Filter>Header Files\Core</Filter>
    </ClInclude>
  </ItemGroup>
</Project>